
Microsoft Visual Studio Solution File, Format Version 12.00
# Visual Studio Version 16
VisualStudioVersion = 16.0.30413.136
MinimumVisualStudioVersion = 10.0.40219.1
Project("{FAE04EC0-301F-11D3-BF4B-00C04F79EFBC}") = "CS1", "CS1.csproj", "{CA9D82B8-8BEF-416C-B391-2DC01252C778}"
EndProject
Global
	GlobalSection(SolutionConfigurationPlatforms) = preSolution
		Debug|Any CPU = Debug|Any CPU
		Release|Any CPU = Release|Any CPU
	EndGlobalSection
	GlobalSection(ProjectConfigurationPlatforms) = postSolution
		{CA9D82B8-8BEF-416C-B391-2DC01252C778}.Debug|Any CPU.ActiveCfg = Debug|Any CPU
		{CA9D82B8-8BEF-416C-B391-2DC01252C778}.Debug|Any CPU.Build.0 = Debug|Any CPU
		{CA9D82B8-8BEF-416C-B391-2DC01252C778}.Release|Any CPU.ActiveCfg = Release|Any CPU
		{CA9D82B8-8BEF-416C-B391-2DC01252C778}.Release|Any CPU.Build.0 = Release|Any CPU
	EndGlobalSection
	GlobalSection(SolutionProperties) = preSolution
		HideSolutionNode = FALSE
	EndGlobalSection
	GlobalSection(ExtensibilityGlobals) = postSolution
		SolutionGuid = {E42BEEB0-9136-4572-BA67-4C167EA53DF8}
	EndGlobalSection
EndGlobal
